
Microsoft Visual Studio Solution File, Format Version 12.00
# Visual Studio Version 17
VisualStudioVersion = 17.3.32922.545
MinimumVisualStudioVersion = 10.0.40219.1
Project("{FAE04EC0-301F-11D3-BF4B-00C04F79EFBC}") = "Kereget", "Kereget.csproj", "{8C60D0C1-7BB7-43F5-9935-E9F7650539A1}"
EndProject
Global
	GlobalSection(SolutionConfigurationPlatforms) = preSolution
		Debug|Any CPU = Debug|Any CPU
		Release|Any CPU = Release|Any CPU
	EndGlobalSection
	GlobalSection(ProjectConfigurationPlatforms) = postSolution
		{8C60D0C1-7BB7-43F5-9935-E9F7650539A1}.Debug|Any CPU.ActiveCfg = Debug|Any CPU
		{8C60D0C1-7BB7-43F5-9935-E9F7650539A1}.Debug|Any CPU.Build.0 = Debug|Any CPU
		{8C60D0C1-7BB7-43F5-9935-E9F7650539A1}.Release|Any CPU.ActiveCfg = Release|Any CPU
		{8C60D0C1-7BB7-43F5-9935-E9F7650539A1}.Release|Any CPU.Build.0 = Release|Any CPU
	EndGlobalSection
	GlobalSection(SolutionProperties) = preSolution
		HideSolutionNode = FALSE
	EndGlobalSection
	GlobalSection(ExtensibilityGlobals) = postSolution
		SolutionGuid = {E5DCA84C-1AA0-49CF-A7E3-91DCAAD01873}
	EndGlobalSection
EndGlobal
